{
  "name": "@flancer32/alarisa-back-control",
  "version": "0.1.0",
  "lockfileVersion": 3,
  "requires": true,
  "packages": {
    "": {
      "name": "@flancer32/alarisa-back-control",
      "version": "0.1.0",
      "license": "UNLICENSED",
      "dependencies": {
        "@teqfw/di": "^2.7.0"
      },
      "engines": {
        "node": ">=20"
      }
    },
    "node_modules/@teqfw/di": {
      "version": "2.7.0",
      "resolved": "https://registry.npmjs.org/@teqfw/di/-/di-2.7.0.tgz",
      "integrity": "sha512-ioIfvdeimaNHXTgqZyBxsOyZeRY2APWs5odZpL7HiMcuOjkUoGyusAjg447w+jfiHon735WVoI93R4/eAdlXqQ==",
      "license": "Apache-2.0",
      "engines": {
        "node": ">=20"
      },
      "funding": {
        "type": "individual",
        "url": "https://github.com/sponsors/teqfw"
      }
    }
  }
}
