{
  "name": "@flancer32/alarisa-back-control",
  "version": "0.1.0",
  "lockfileVersion": 3,
  "requires": true,
  "packages": {
    "": {
      "name": "@flancer32/alarisa-back-control",
      "version": "0.1.0",
      "license": "Apache-2.0",
      "dependencies": {
        "@flancer32/alarisa-comm": "github:flancer32/alarisa-comm#main",
        "@flancer32/teq-web": "^0.15.0",
        "@teqfw/di": "^2.7.0"
      },
      "engines": {
        "node": ">=20"
      }
    },
    "node_modules/@flancer32/alarisa-comm": {
      "version": "0.2.0",
      "resolved": "git+ssh://git@github.com/flancer32/alarisa-comm.git#66418d045a49a7115cd2b6ce8464f92d440ea7f5",
      "license": "Apache-2.0",
      "dependencies": {
        "@flancer32/teq-web": "0.15.0"
      },
      "engines": {
        "node": ">=20"
      }
    },
    "node_modules/@flancer32/teq-web": {
      "version": "0.15.0",
      "resolved": "https://registry.npmjs.org/@flancer32/teq-web/-/teq-web-0.15.0.tgz",
      "integrity": "sha512-W9c5EL9lHDWWOmhB16lV5/I5BasqrGbuTp3YLfaXufXiZR5qS3Cls5JxjvQsiwG3zYLn6AdOJ/akzD7uZXzgwQ==",
      "license": "Apache-2.0",
      "dependencies": {
        "@teqfw/log": "^0.1.0"
      },
      "engines": {
        "node": ">=20"
      }
    },
    "node_modules/@teqfw/di": {
      "version": "2.7.0",
      "resolved": "https://registry.npmjs.org/@teqfw/di/-/di-2.7.0.tgz",
      "integrity": "sha512-ioIfvdeimaNHXTgqZyBxsOyZeRY2APWs5odZpL7HiMcuOjkUoGyusAjg447w+jfiHon735WVoI93R4/eAdlXqQ==",
      "license": "Apache-2.0",
      "engines": {
        "node": ">=20"
      },
      "funding": {
        "type": "individual",
        "url": "https://github.com/sponsors/teqfw"
      }
    },
    "node_modules/@teqfw/log": {
      "version": "0.1.0",
      "resolved": "https://registry.npmjs.org/@teqfw/log/-/log-0.1.0.tgz",
      "integrity": "sha512-ICpHJS5m+j8UfXcCJEFnPAgiFQFwcfD5ao5eYGhHQFhxifQ+TGNU2NE+Diq+zkwp97gM4/+/hZxsGrnx6AKPNQ==",
      "license": "Apache-2.0",
      "dependencies": {
        "@teqfw/di": "^2.7.0"
      },
      "engines": {
        "node": ">=20"
      },
      "funding": {
        "type": "individual",
        "url": "https://github.com/sponsors/teqfw"
      }
    }
  }
}
